// !$*UTF8*$!
{
	archiveVersion = 1;
	classes = {
	};
	objectVersion = 55;
	objects = {

/* Begin PBXBuildFile section */
		6813AB52279ED985005FAD8C /* AppDelegate.swift in Sources */ = {isa = PBXBuildFile; fileRef = 6813AB51279ED985005FAD8C /* AppDelegate.swift */; };
		6813AB54279ED985005FAD8C /* SceneDelegate.swift in Sources */ = {isa = PBXBuildFile; fileRef = 6813AB53279ED985005FAD8C /* SceneDelegate.swift */; };
		6813AB56279ED985005FAD8C /* ViewController.swift in Sources */ = {isa = PBXBuildFile; fileRef = 6813AB55279ED985005FAD8C /* ViewController.swift */; };
		6813AB59279ED985005FAD8C /* Main.storyboard in Resources */ = {isa = PBXBuildFile; fileRef = 6813AB57279ED985005FAD8C /* Main.storyboard */; };
		6813AB5C279ED985005FAD8C /* SimpleCalculator.xcdatamodeld in Sources */ = {isa = PBXBuildFile; fileRef = 6813AB5A279ED985005FAD8C /* SimpleCalculator.xcdatamodeld */; };
		6813AB5E279ED987005FAD8C /* Assets.xcassets in Resources */ = {isa = PBXBuildFile; fileRef = 6813AB5D279ED987005FAD8C /* Assets.xcassets */; };
		6813AB61279ED987005FAD8C /* LaunchScreen.storyboard in Resources */ = {isa = PBXBuildFile; fileRef = 6813AB5F279ED987005FAD8C /* LaunchScreen.storyboard */; };
		6813AB6C279ED987005FAD8C /* SimpleCalculatorTests.swift in Sources */ = {isa = PBXBuildFile; fileRef = 6813AB6B279ED987005FAD8C /* SimpleCalculatorTests.swift */; };
		6813AB76279ED987005FAD8C /* SimpleCalculatorUITests.swift in Sources */ = {isa = PBXBuildFile; fileRef = 6813AB75279ED987005FAD8C /* SimpleCalculatorUITests.swift */; };
		6813AB78279ED987005FAD8C /* SimpleCalculatorUITestsLaunchTests.swift in Sources */ = {isa = PBXBuildFile; fileRef = 6813AB77279ED987005FAD8C /* SimpleCalculatorUITestsLaunchTests.swift */; };
		685BDA7327A430E500193D3E /* CalculatorCore.swift in Sources */ = {isa = PBXBuildFile; fileRef = 685BDA7227A430E500193D3E /* CalculatorCore.swift */; };
		68CD2FFD27A2D017002D2761 /* ScreenView.swift in Sources */ = {isa = PBXBuildFile; fileRef = 68CD2FFC27A2D017002D2761 /* ScreenView.swift */; };
		68EC7BBE27A531D1005BE315 /* demo.gif in Resources */ = {isa = PBXBuildFile; fileRef = 68EC7BBD27A531D1005BE315 /* demo.gif */; };
		68F9261C27A17D3C009CE7B2 /* FunctionButton.swift in Sources */ = {isa = PBXBuildFile; fileRef = 68F9261B27A17D3C009CE7B2 /* FunctionButton.swift */; };
		68F9261E27A17F80009CE7B2 /* Podfile in Resources */ = {isa = PBXBuildFile; fileRef = 68F9261D27A17F80009CE7B2 /* Podfile */; };
		68F9262427A18A6B009CE7B2 /* BoardView.swift in Sources */ = {isa = PBXBuildFile; fileRef = 68F9262327A18A6B009CE7B2 /* BoardView.swift */; };
		E183DA51A55F4F806CCD527C /* Pods_SimpleCalculator.framework in Frameworks */ = {isa = PBXBuildFile; fileRef = F219556604CA46057ECA2D2C /* Pods_SimpleCalculator.framework */; };
/* End PBXBuildFile section */

/* Begin PBXContainerItemProxy section */
		6813AB68279ED987005FAD8C /* PBXContainerItemProxy */ = {
			isa = PBXContainerItemProxy;
			containerPortal = 6813AB46279ED985005FAD8C /* Project object */;
			proxyType = 1;
			remoteGlobalIDString = 6813AB4D279ED985005FAD8C;
			remoteInfo = SimpleCalculator;
		};
		6813AB72279ED987005FAD8C /* PBXContainerItemProxy */ = {
			isa = PBXContainerItemProxy;
			containerPortal = 6813AB46279ED985005FAD8C /* Project object */;
			proxyType = 1;
			remoteGlobalIDString = 6813AB4D279ED985005FAD8C;
			remoteInfo = SimpleCalculator;
		};
/* End PBXContainerItemProxy section */

/* Begin PBXFileReference section */
		357C295D5C4C7B84518E4DCE /* Pods-SimpleCalculator.release.xcconfig */ = {isa = PBXFileReference; includeInIndex = 1; lastKnownFileType = text.xcconfig; name = "Pods-SimpleCalculator.release.xcconfig"; path = "Target Support Files/Pods-SimpleCalculator/Pods-SimpleCalculator.release.xcconfig"; sourceTree = "<group>"; };
		6386FD8156055E3CA76E5B50 /* Pods-SimpleCalculator.debug.xcconfig */ = {isa = PBXFileReference; includeInIndex = 1; lastKnownFileType = text.xcconfig; name = "Pods-SimpleCalculator.debug.xcconfig"; path = "Target Support Files/Pods-SimpleCalculator/Pods-SimpleCalculator.debug.xcconfig"; sourceTree = "<group>"; };
		6813AB4E279ED985005FAD8C /* SimpleCalculator.app */ = {isa = PBXFileReference; explicitFileType = wrapper.application; includeInIndex = 0; path = SimpleCalculator.app; sourceTree = BUILT_PRODUCTS_DIR; };
		6813AB51279ED985005FAD8C /* AppDelegate.swift */ = {isa = PBXFileReference; lastKnownFileType = sourcecode.swift; path = AppDelegate.swift; sourceTree = "<group>"; };
		6813AB53279ED985005FAD8C /* SceneDelegate.swift */ = {isa = PBXFileReference; lastKnownFileType = sourcecode.swift; path = SceneDelegate.swift; sourceTree = "<group>"; };
		6813AB55279ED985005FAD8C /* ViewController.swift */ = {isa = PBXFileReference; lastKnownFileType = sourcecode.swift; path = ViewController.swift; sourceTree = "<group>"; };
		6813AB58279ED985005FAD8C /* Base */ = {isa = PBXFileReference; lastKnownFileType = file.storyboard; name = Base; path = Base.lproj/Main.storyboard; sourceTree = "<group>"; };
		6813AB5B279ED985005FAD8C /* SimpleCalculator.xcdatamodel */ = {isa = PBXFileReference; lastKnownFileType = wrapper.xcdatamodel; path = SimpleCalculator.xcdatamodel; sourceTree = "<group>"; };
		6813AB5D279ED987005FAD8C /* Assets.xcassets */ = {isa = PBXFileReference; lastKnownFileType = folder.assetcatalog; path = Assets.xcassets; sourceTree = "<group>"; };
		6813AB60279ED987005FAD8C /* Base */ = {isa = PBXFileReference; lastKnownFileType = file.storyboard; name = Base; path = Base.lproj/LaunchScreen.storyboard; sourceTree = "<group>"; };
		6813AB62279ED987005FAD8C /* Info.plist */ = {isa = PBXFileReference; lastKnownFileType = text.plist.xml; path = Info.plist; sourceTree = "<group>"; };
		6813AB67279ED987005FAD8C /* SimpleCalculatorTests.xctest */ = {isa = PBXFileReference; explicitFileType = wrapper.cfbundle; includeInIndex = 0; path = SimpleCalculatorTests.xctest; sourceTree = BUILT_PRODUCTS_DIR; };
		6813AB6B279ED987005FAD8C /* SimpleCalculatorTests.swift */ = {isa = PBXFileReference; lastKnownFileType = sourcecode.swift; path = SimpleCalculatorTests.swift; sourceTree = "<group>"; };
		6813AB71279ED987005FAD8C /* SimpleCalculatorUITests.xctest */ = {isa = PBXFileReference; explicitFileType = wrapper.cfbundle; includeInIndex = 0; path = SimpleCalculatorUITests.xctest; sourceTree = BUILT_PRODUCTS_DIR; };
		6813AB75279ED987005FAD8C /* SimpleCalculatorUITests.swift */ = {isa = PBXFileReference; lastKnownFileType = sourcecode.swift; path = SimpleCalculatorUITests.swift; sourceTree = "<group>"; };
		6813AB77279ED987005FAD8C /* SimpleCalculatorUITestsLaunchTests.swift */ = {isa = PBXFileReference; lastKnownFileType = sourcecode.swift; path = SimpleCalculatorUITestsLaunchTests.swift; sourceTree = "<group>"; };
		685BDA7227A430E500193D3E /* CalculatorCore.swift */ = {isa = PBXFileReference; lastKnownFileType = sourcecode.swift; path = CalculatorCore.swift; sourceTree = "<group>"; };
		68CD2FFC27A2D017002D2761 /* ScreenView.swift */ = {isa = PBXFileReference; lastKnownFileType = sourcecode.swift; path = ScreenView.swift; sourceTree = "<group>"; };
		68EC7BBD27A531D1005BE315 /* demo.gif */ = {isa = PBXFileReference; lastKnownFileType = image.gif; path = demo.gif; sourceTree = "<group>"; };
		68F9261B27A17D3C009CE7B2 /* FunctionButton.swift */ = {isa = PBXFileReference; lastKnownFileType = sourcecode.swift; path = FunctionButton.swift; sourceTree = "<group>"; };
		68F9261D27A17F80009CE7B2 /* Podfile */ = {isa = PBXFileReference; lastKnownFileType = text; path = Podfile; sourceTree = "<group>"; xcLanguageSpecificationIdentifier = xcode.lang.ruby; };
		68F9262327A18A6B009CE7B2 /* BoardView.swift */ = {isa = PBXFileReference; lastKnownFileType = sourcecode.swift; path = BoardView.swift; sourceTree = "<group>"; };
		F219556604CA46057ECA2D2C /* Pods_SimpleCalculator.framework */ = {isa = PBXFileReference; explicitFileType = wrapper.framework; includeInIndex = 0; path = Pods_SimpleCalculator.framework; sourceTree = BUILT_PRODUCTS_DIR; };
/* End PBXFileReference section */

/* Begin PBXFrameworksBuildPhase section */
		6813AB4B279ED985005FAD8C /* Frameworks */ = {
			isa = PBXFrameworksBuildPhase;
			buildActionMask = 2147483647;
			files = (
				E183DA51A55F4F806CCD527C /* Pods_SimpleCalculator.framework in Frameworks */,
			);
			runOnlyForDeploymentPostprocessing = 0;
		};
		6813AB64279ED987005FAD8C /* Frameworks */ = {
			isa = PBXFrameworksBuildPhase;
			buildActionMask = 2147483647;
			files = (
			);
			runOnlyForDeploymentPostprocessing = 0;
		};
		6813AB6E279ED987005FAD8C /* Frameworks */ = {
			isa = PBXFrameworksBuildPhase;
			buildActionMask = 2147483647;
			files = (
			);
			runOnlyForDeploymentPostprocessing = 0;
		};
/* End PBXFrameworksBuildPhase section */

/* Begin PBXGroup section */
		6813AB45279ED985005FAD8C = {
			isa = PBXGroup;
			children = (
				68F9261D27A17F80009CE7B2 /* Podfile */,
				6813AB50279ED985005FAD8C /* SimpleCalculator */,
				6813AB6A279ED987005FAD8C /* SimpleCalculatorTests */,
				6813AB74279ED987005FAD8C /* SimpleCalculatorUITests */,
				6813AB4F279ED985005FAD8C /* Products */,
				DC8F644CF5B35751B939F6D5 /* Pods */,
				97DFB0EC678BD4B7A20F0029 /* Frameworks */,
			);
			sourceTree = "<group>";
		};
		6813AB4F279ED985005FAD8C /* Products */ = {
			isa = PBXGroup;
			children = (
				6813AB4E279ED985005FAD8C /* SimpleCalculator.app */,
				6813AB67279ED987005FAD8C /* SimpleCalculatorTests.xctest */,
				6813AB71279ED987005FAD8C /* SimpleCalculatorUITests.xctest */,
			);
			name = Products;
			sourceTree = "<group>";
		};
		6813AB50279ED985005FAD8C /* SimpleCalculator */ = {
			isa = PBXGroup;
			children = (
				68F9261827A17CB8009CE7B2 /* widget */,
				6813AB51279ED985005FAD8C /* AppDelegate.swift */,
				685BDA7227A430E500193D3E /* CalculatorCore.swift */,
				6813AB53279ED985005FAD8C /* SceneDelegate.swift */,
				6813AB55279ED985005FAD8C /* ViewController.swift */,
				6813AB57279ED985005FAD8C /* Main.storyboard */,
				6813AB5D279ED987005FAD8C /* Assets.xcassets */,
				6813AB5F279ED987005FAD8C /* LaunchScreen.storyboard */,
				68EC7BBD27A531D1005BE315 /* demo.gif */,
				6813AB62279ED987005FAD8C /* Info.plist */,
				6813AB5A279ED985005FAD8C /* SimpleCalculator.xcdatamodeld */,
			);
			path = SimpleCalculator;
			sourceTree = "<group>";
		};
		6813AB6A279ED987005FAD8C /* SimpleCalculatorTests */ = {
			isa = PBXGroup;
			children = (
				6813AB6B279ED987005FAD8C /* SimpleCalculatorTests.swift */,
			);
			path = SimpleCalculatorTests;
			sourceTree = "<group>";
		};
		6813AB74279ED987005FAD8C /* SimpleCalculatorUITests */ = {
			isa = PBXGroup;
			children = (
				6813AB75279ED987005FAD8C /* SimpleCalculatorUITests.swift */,
				6813AB77279ED987005FAD8C /* SimpleCalculatorUITestsLaunchTests.swift */,
			);
			path = SimpleCalculatorUITests;
			sourceTree = "<group>";
		};
		68F9261827A17CB8009CE7B2 /* widget */ = {
			isa = PBXGroup;
			children = (
				68F9261B27A17D3C009CE7B2 /* FunctionButton.swift */,
				68F9262327A18A6B009CE7B2 /* BoardView.swift */,
				68CD2FFC27A2D017002D2761 /* ScreenView.swift */,
			);
			name = widget;
			sourceTree = "<group>";
		};
		97DFB0EC678BD4B7A20F0029 /* Frameworks */ = {
			isa = PBXGroup;
			children = (
				F219556604CA46057ECA2D2C /* Pods_SimpleCalculator.framework */,
			);
			name = Frameworks;
			sourceTree = "<group>";
		};
		DC8F644CF5B35751B939F6D5 /* Pods */ = {
			isa = PBXGroup;
			children = (
				6386FD8156055E3CA76E5B50 /* Pods-SimpleCalculator.debug.xcconfig */,
				357C295D5C4C7B84518E4DCE /* Pods-SimpleCalculator.release.xcconfig */,
			);
			path = Pods;
			sourceTree = "<group>";
		};
/* End PBXGroup section */

/* Begin PBXNativeTarget section */
		6813AB4D279ED985005FAD8C /* SimpleCalculator */ = {
			isa = PBXNativeTarget;
			buildConfigurationList = 6813AB7B279ED987005FAD8C /* Build configuration list for PBXNativeTarget "SimpleCalculator" */;
			buildPhases = (
				968CF04E31A488D6C0C2BF99 /* [CP] Check Pods Manifest.lock */,
				6813AB4A279ED985005FAD8C /* Sources */,
				6813AB4B279ED985005FAD8C /* Frameworks */,
				6813AB4C279ED985005FAD8C /* Resources */,
				9536E1805B1B56D61118E8DD /* [CP] Embed Pods Frameworks */,
			);
			buildRules = (
			);
			dependencies = (
			);
			name = SimpleCalculator;
			productName = SimpleCalculator;
			productReference = 6813AB4E279ED985005FAD8C /* SimpleCalculator.app */;
			productType = "com.apple.product-type.application";
		};
		6813AB66279ED987005FAD8C /* SimpleCalculatorTests */ = {
			isa = PBXNativeTarget;
			buildConfigurationList = 6813AB7E279ED987005FAD8C /* Build configuration list for PBXNativeTarget "SimpleCalculatorTests" */;
			buildPhases = (
				6813AB63279ED987005FAD8C /* Sources */,
				6813AB64279ED987005FAD8C /* Frameworks */,
				6813AB65279ED987005FAD8C /* Resources */,
			);
			buildRules = (
			);
			dependencies = (
				6813AB69279ED987005FAD8C /* PBXTargetDependency */,
			);
			name = SimpleCalculatorTests;
			productName = SimpleCalculatorTests;
			productReference = 6813AB67279ED987005FAD8C /* SimpleCalculatorTests.xctest */;
			productType = "com.apple.product-type.bundle.unit-test";
		};
		6813AB70279ED987005FAD8C /* SimpleCalculatorUITests */ = {
			isa = PBXNativeTarget;
			buildConfigurationList = 6813AB81279ED987005FAD8C /* Build configuration list for PBXNativeTarget "SimpleCalculatorUITests" */;
			buildPhases = (
				6813AB6D279ED987005FAD8C /* Sources */,
				6813AB6E279ED987005FAD8C /* Frameworks */,
				6813AB6F279ED987005FAD8C /* Resources */,
			);
			buildRules = (
			);
			dependencies = (
				6813AB73279ED987005FAD8C /* PBXTargetDependency */,
			);
			name = SimpleCalculatorUITests;
			productName = SimpleCalculatorUITests;
			productReference = 6813AB71279ED987005FAD8C /* SimpleCalculatorUITests.xctest */;
			productType = "com.apple.product-type.bundle.ui-testing";
		};
/* End PBXNativeTarget section */

/* Begin PBXProject section */
		6813AB46279ED985005FAD8C /* Project object */ = {
			isa = PBXProject;
			attributes = {
				BuildIndependentTargetsInParallel = 1;
				LastSwiftUpdateCheck = 1320;
				LastUpgradeCheck = 1320;
				TargetAttributes = {
					6813AB4D279ED985005FAD8C = {
						CreatedOnToolsVersion = 13.2.1;
					};
					6813AB66279ED987005FAD8C = {
						CreatedOnToolsVersion = 13.2.1;
						TestTargetID = 6813AB4D279ED985005FAD8C;
					};
					6813AB70279ED987005FAD8C = {
						CreatedOnToolsVersion = 13.2.1;
						TestTargetID = 6813AB4D279ED985005FAD8C;
					};
				};
			};
			buildConfigurationList = 6813AB49279ED985005FAD8C /* Build configuration list for PBXProject "SimpleCalculator" */;
			compatibilityVersion = "Xcode 13.0";
			developmentRegion = en;
			hasScannedForEncodings = 0;
			knownRegions = (
				en,
				Base,
			);
			mainGroup = 6813AB45279ED985005FAD8C;
			productRefGroup = 6813AB4F279ED985005FAD8C /* Products */;
			projectDirPath = "";
			projectRoot = "";
			targets = (
				6813AB4D279ED985005FAD8C /* SimpleCalculator */,
				6813AB66279ED987005FAD8C /* SimpleCalculatorTests */,
				6813AB70279ED987005FAD8C /* SimpleCalculatorUITests */,
			);
		};
/* End PBXProject section */

/* Begin PBXResourcesBuildPhase section */
		6813AB4C279ED985005FAD8C /* Resources */ = {
			isa = PBXResourcesBuildPhase;
			buildActionMask = 2147483647;
			files = (
				6813AB61279ED987005FAD8C /* LaunchScreen.storyboard in Resources */,
				6813AB5E279ED987005FAD8C /* Assets.xcassets in Resources */,
				68EC7BBE27A531D1005BE315 /* demo.gif in Resources */,
				68F9261E27A17F80009CE7B2 /* Podfile in Resources */,
				6813AB59279ED985005FAD8C /* Main.storyboard in Resources */,
			);
			runOnlyForDeploymentPostprocessing = 0;
		};
		6813AB65279ED987005FAD8C /* Resources */ = {
			isa = PBXResourcesBuildPhase;
			buildActionMask = 2147483647;
			files = (
			);
			runOnlyForDeploymentPostprocessing = 0;
		};
		6813AB6F279ED987005FAD8C /* Resources */ = {
			isa = PBXResourcesBuildPhase;
			buildActionMask = 2147483647;
			files = (
			);
			runOnlyForDeploymentPostprocessing = 0;
		};
/* End PBXResourcesBuildPhase section */

/* Begin PBXShellScriptBuildPhase section */
		9536E1805B1B56D61118E8DD /* [CP] Embed Pods Frameworks */ = {
			isa = PBXShellScriptBuildPhase;
			buildActionMask = 2147483647;
			files = (
			);
			inputFileListPaths = (
				"${PODS_ROOT}/Target Support Files/Pods-SimpleCalculator/Pods-SimpleCalculator-frameworks-${CONFIGURATION}-input-files.xcfilelist",
			);
			name = "[CP] Embed Pods Frameworks";
			outputFileListPaths = (
				"${PODS_ROOT}/Target Support Files/Pods-SimpleCalculator/Pods-SimpleCalculator-frameworks-${CONFIGURATION}-output-files.xcfilelist",
			);
			runOnlyForDeploymentPostprocessing = 0;
			shellPath = /bin/sh;
			shellScript = "\"${PODS_ROOT}/Target Support Files/Pods-SimpleCalculator/Pods-SimpleCalculator-frameworks.sh\"\n";
			showEnvVarsInLog = 0;
		};
		968CF04E31A488D6C0C2BF99 /* [CP] Check Pods Manifest.lock */ = {
			isa = PBXShellScriptBuildPhase;
			buildActionMask = 2147483647;
			files = (
			);
			inputFileListPaths = (
			);
			inputPaths = (
				"${PODS_PODFILE_DIR_PATH}/Podfile.lock",
				"${PODS_ROOT}/Manifest.lock",
			);
			name = "[CP] Check Pods Manifest.lock";
			outputFileListPaths = (
			);
			outputPaths = (
				"$(DERIVED_FILE_DIR)/Pods-SimpleCalculator-checkManifestLockResult.txt",
			);
			runOnlyForDeploymentPostprocessing = 0;
			shellPath = /bin/sh;
			shellScript = "diff \"${PODS_PODFILE_DIR_PATH}/Podfile.lock\" \"${PODS_ROOT}/Manifest.lock\" > /dev/null\nif [ $? != 0 ] ; then\n    # print error to STDERR\n    echo \"error: The sandbox is not in sync with the Podfile.lock. Run 'pod install' or update your CocoaPods installation.\" >&2\n    exit 1\nfi\n# This output is used by Xcode 'outputs' to avoid re-running this script phase.\necho \"SUCCESS\" > \"${SCRIPT_OUTPUT_FILE_0}\"\n";
			showEnvVarsInLog = 0;
		};
/* End PBXShellScriptBuildPhase section */

/* Begin PBXSourcesBuildPhase section */
		6813AB4A279ED985005FAD8C /* Sources */ = {
			isa = PBXSourcesBuildPhase;
			buildActionMask = 2147483647;
			files = (
				6813AB56279ED985005FAD8C /* ViewController.swift in Sources */,
				6813AB5C279ED985005FAD8C /* SimpleCalculator.xcdatamodeld in Sources */,
				685BDA7327A430E500193D3E /* CalculatorCore.swift in Sources */,
				68F9262427A18A6B009CE7B2 /* BoardView.swift in Sources */,
				68F9261C27A17D3C009CE7B2 /* FunctionButton.swift in Sources */,
				6813AB52279ED985005FAD8C /* AppDelegate.swift in Sources */,
				6813AB54279ED985005FAD8C /* SceneDelegate.swift in Sources */,
				68CD2FFD27A2D017002D2761 /* ScreenView.swift in Sources */,
			);
			runOnlyForDeploymentPostprocessing = 0;
		};
		6813AB63279ED987005FAD8C /* Sources */ = {
			isa = PBXSourcesBuildPhase;
			buildActionMask = 2147483647;
			files = (
				6813AB6C279ED987005FAD8C /* SimpleCalculatorTests.swift in Sources */,
			);
			runOnlyForDeploymentPostprocessing = 0;
		};
		6813AB6D279ED987005FAD8C /* Sources */ = {
			isa = PBXSourcesBuildPhase;
			buildActionMask = 2147483647;
			files = (
				6813AB78279ED987005FAD8C /* SimpleCalculatorUITestsLaunchTests.swift in Sources */,
				6813AB76279ED987005FAD8C /* SimpleCalculatorUITests.swift in Sources */,
			);
			runOnlyForDeploymentPostprocessing = 0;
		};
/* End PBXSourcesBuildPhase section */

/* Begin PBXTargetDependency section */
		6813AB69279ED987005FAD8C /* PBXTargetDependency */ = {
			isa = PBXTargetDependency;
			target = 6813AB4D279ED985005FAD8C /* SimpleCalculator */;
			targetProxy = 6813AB68279ED987005FAD8C /* PBXContainerItemProxy */;
		};
		6813AB73279ED987005FAD8C /* PBXTargetDependency */ = {
			isa = PBXTargetDependency;
			target = 6813AB4D279ED985005FAD8C /* SimpleCalculator */;
			targetProxy = 6813AB72279ED987005FAD8C /* PBXContainerItemProxy */;
		};
/* End PBXTargetDependency section */

/* Begin PBXVariantGroup section */
		6813AB57279ED985005FAD8C /* Main.storyboard */ = {
			isa = PBXVariantGroup;
			children = (
				6813AB58279ED985005FAD8C /* Base */,
			);
			name = Main.storyboard;
			sourceTree = "<group>";
		};
		6813AB5F279ED987005FAD8C /* LaunchScreen.storyboard */ = {
			isa = PBXVariantGroup;
			children = (
				6813AB60279ED987005FAD8C /* Base */,
			);
			name = LaunchScreen.storyboard;
			sourceTree = "<group>";
		};
/* End PBXVariantGroup section */

/* Begin XCBuildConfiguration section */
		6813AB79279ED987005FAD8C /* Debug */ = {
			isa = XCBuildConfiguration;
			buildSettings = {
				ALWAYS_SEARCH_USER_PATHS = NO;
				CLANG_ANALYZER_NONNULL = YES;
				CLANG_ANALYZER_NUMBER_OBJECT_CONVERSION = YES_AGGRESSIVE;
				CLANG_CXX_LANGUAGE_STANDARD = "gnu++17";
				CLANG_CXX_LIBRARY = "libc++";
				CLANG_ENABLE_MODULES = YES;
				CLANG_ENABLE_OBJC_ARC = YES;
				CLANG_ENABLE_OBJC_WEAK = YES;
				CLANG_WARN_BLOCK_CAPTURE_AUTORELEASING = YES;
				CLANG_WARN_BOOL_CONVERSION = YES;
				CLANG_WARN_COMMA = YES;
				CLANG_WARN_CONSTANT_CONVERSION = YES;
				CLANG_WARN_DEPRECATED_OBJC_IMPLEMENTATIONS = YES;
				CLANG_WARN_DIRECT_OBJC_ISA_USAGE = YES_ERROR;
				CLANG_WARN_DOCUMENTATION_COMMENTS = YES;
				CLANG_WARN_EMPTY_BODY = YES;
				CLANG_WARN_ENUM_CONVERSION = YES;
				CLANG_WARN_INFINITE_RECURSION = YES;
				CLANG_WARN_INT_CONVERSION = YES;
				CLANG_WARN_NON_LITERAL_NULL_CONVERSION = YES;
				CLANG_WARN_OBJC_IMPLICIT_RETAIN_SELF = YES;
				CLANG_WARN_OBJC_LITERAL_CONVERSION = YES;
				CLANG_WARN_OBJC_ROOT_CLASS = YES_ERROR;
				CLANG_WARN_QUOTED_INCLUDE_IN_FRAMEWORK_HEADER = YES;
				CLANG_WARN_RANGE_LOOP_ANALYSIS = YES;
				CLANG_WARN_STRICT_PROTOTYPES = YES;
				CLANG_WARN_SUSPICIOUS_MOVE = YES;
				CLANG_WARN_UNGUARDED_AVAILABILITY = YES_AGGRESSIVE;
				CLANG_WARN_UNREACHABLE_CODE = YES;
				CLANG_WARN__DUPLICATE_METHOD_MATCH = YES;
				COPY_PHASE_STRIP = NO;
				DEBUG_INFORMATION_FORMAT = dwarf;
				ENABLE_STRICT_OBJC_MSGSEND = YES;
				ENABLE_TESTABILITY = YES;
				GCC_C_LANGUAGE_STANDARD = gnu11;
				GCC_DYNAMIC_NO_PIC = NO;
				GCC_NO_COMMON_BLOCKS = YES;
				GCC_OPTIMIZATION_LEVEL = 0;
				GCC_PREPROCESSOR_DEFINITIONS = (
					"DEBUG=1",
					"$(inherited)",
				);
				GCC_WARN_64_TO_32_BIT_CONVERSION = YES;
				GCC_WARN_ABOUT_RETURN_TYPE = YES_ERROR;
				GCC_WARN_UNDECLARED_SELECTOR = YES;
				GCC_WARN_UNINITIALIZED_AUTOS = YES_AGGRESSIVE;
				GCC_WARN_UNUSED_FUNCTION = YES;
				GCC_WARN_UNUSED_VARIABLE = YES;
				IPHONEOS_DEPLOYMENT_TARGET = 15.2;
				MTL_ENABLE_DEBUG_INFO = INCLUDE_SOURCE;
				MTL_FAST_MATH = YES;
				ONLY_ACTIVE_ARCH = YES;
				SDKROOT = iphoneos;
				SWIFT_ACTIVE_COMPILATION_CONDITIONS = DEBUG;
				SWIFT_OPTIMIZATION_LEVEL = "-Onone";
			};
			name = Debug;
		};
		6813AB7A279ED987005FAD8C /* Release */ = {
			isa = XCBuildConfiguration;
			buildSettings = {
				ALWAYS_SEARCH_USER_PATHS = NO;
				CLANG_ANALYZER_NONNULL = YES;
				CLANG_ANALYZER_NUMBER_OBJECT_CONVERSION = YES_AGGRESSIVE;
				CLANG_CXX_LANGUAGE_STANDARD = "gnu++17";
				CLANG_CXX_LIBRARY = "libc++";
				CLANG_ENABLE_MODULES = YES;
				CLANG_ENABLE_OBJC_ARC = YES;
				CLANG_ENABLE_OBJC_WEAK = YES;
				CLANG_WARN_BLOCK_CAPTURE_AUTORELEASING = YES;
				CLANG_WARN_BOOL_CONVERSION = YES;
				CLANG_WARN_COMMA = YES;
				CLANG_WARN_CONSTANT_CONVERSION = YES;
				CLANG_WARN_DEPRECATED_OBJC_IMPLEMENTATIONS = YES;
				CLANG_WARN_DIRECT_OBJC_ISA_USAGE = YES_ERROR;
				CLANG_WARN_DOCUMENTATION_COMMENTS = YES;
				CLANG_WARN_EMPTY_BODY = YES;
				CLANG_WARN_ENUM_CONVERSION = YES;
				CLANG_WARN_INFINITE_RECURSION = YES;
				CLANG_WARN_INT_CONVERSION = YES;
				CLANG_WARN_NON_LITERAL_NULL_CONVERSION = YES;
				CLANG_WARN_OBJC_IMPLICIT_RETAIN_SELF = YES;
				CLANG_WARN_OBJC_LITERAL_CONVERSION = YES;
				CLANG_WARN_OBJC_ROOT_CLASS = YES_ERROR;
				CLANG_WARN_QUOTED_INCLUDE_IN_FRAMEWORK_HEADER = YES;
				CLANG_WARN_RANGE_LOOP_ANALYSIS = YES;
				CLANG_WARN_STRICT_PROTOTYPES = YES;
				CLANG_WARN_SUSPICIOUS_MOVE = YES;
				CLANG_WARN_UNGUARDED_AVAILABILITY = YES_AGGRESSIVE;
				CLANG_WARN_UNREACHABLE_CODE = YES;
				CLANG_WARN__DUPLICATE_METHOD_MATCH = YES;
				COPY_PHASE_STRIP = NO;
				DEBUG_INFORMATION_FORMAT = "dwarf-with-dsym";
				ENABLE_NS_ASSERTIONS = NO;
				ENABLE_STRICT_OBJC_MSGSEND = YES;
				GCC_C_LANGUAGE_STANDARD = gnu11;
				GCC_NO_COMMON_BLOCKS = YES;
				GCC_WARN_64_TO_32_BIT_CONVERSION = YES;
				GCC_WARN_ABOUT_RETURN_TYPE = YES_ERROR;
				GCC_WARN_UNDECLARED_SELECTOR = YES;
				GCC_WARN_UNINITIALIZED_AUTOS = YES_AGGRESSIVE;
				GCC_WARN_UNUSED_FUNCTION = YES;
				GCC_WARN_UNUSED_VARIABLE = YES;
				IPHONEOS_DEPLOYMENT_TARGET = 15.2;
				MTL_ENABLE_DEBUG_INFO = NO;
				MTL_FAST_MATH = YES;
				SDKROOT = iphoneos;
				SWIFT_COMPILATION_MODE = wholemodule;
				SWIFT_OPTIMIZATION_LEVEL = "-O";
				VALIDATE_PRODUCT = YES;
			};
			name = Release;
		};
		6813AB7C279ED987005FAD8C /* Debug */ = {
			isa = XCBuildConfiguration;
			baseConfigurationReference = 6386FD8156055E3CA76E5B50 /* Pods-SimpleCalculator.debug.xcconfig */;
			buildSettings = {
				ASSETCATALOG_COMPILER_APPICON_NAME = AppIcon;
				ASSETCATALOG_COMPILER_GLOBAL_ACCENT_COLOR_NAME = AccentColor;
				CODE_SIGN_STYLE = Automatic;
				CURRENT_PROJECT_VERSION = 1;
				GENERATE_INFOPLIST_FILE = YES;
				INFOPLIST_FILE = SimpleCalculator/Info.plist;
				INFOPLIST_KEY_UIApplicationSupportsIndirectInputEvents = YES;
				INFOPLIST_KEY_UILaunchStoryboardName = LaunchScreen;
				INFOPLIST_KEY_UIMainStoryboardFile = Main;
				INFOPLIST_KEY_UISupportedInterfaceOrientations_iPad = "UIInterfaceOrientationPortrait UIInterfaceOrientationPortraitUpsideDown UIInterfaceOrientationLandscapeLeft UIInterfaceOrientationLandscapeRight";
				INFOPLIST_KEY_UISupportedInterfaceOrientations_iPhone = "UIInterfaceOrientationPortrait UIInterfaceOrientationLandscapeLeft UIInterfaceOrientationLandscapeRight";
				LD_RUNPATH_SEARCH_PATHS = (
					"$(inherited)",
					"@executable_path/Frameworks",
				);
				MARKETING_VERSION = 1.0;
				PRODUCT_BUNDLE_IDENTIFIER = cn.william.SimpleCalculator;
				PRODUCT_NAME = "$(TARGET_NAME)";
				SWIFT_EMIT_LOC_STRINGS = YES;
				SWIFT_VERSION = 5.0;
				TARGETED_DEVICE_FAMILY = "1,2";
			};
			name = Debug;
		};
		6813AB7D279ED987005FAD8C /* Release */ = {
			isa = XCBuildConfiguration;
			baseConfigurationReference = 357C295D5C4C7B84518E4DCE /* Pods-SimpleCalculator.release.xcconfig */;
			buildSettings = {
				ASSETCATALOG_COMPILER_APPICON_NAME = AppIcon;
				ASSETCATALOG_COMPILER_GLOBAL_ACCENT_COLOR_NAME = AccentColor;
				CODE_SIGN_STYLE = Automatic;
				CURRENT_PROJECT_VERSION = 1;
				GENERATE_INFOPLIST_FILE = YES;
				INFOPLIST_FILE = SimpleCalculator/Info.plist;
				INFOPLIST_KEY_UIApplicationSupportsIndirectInputEvents = YES;
				INFOPLIST_KEY_UILaunchStoryboardName = LaunchScreen;
				INFOPLIST_KEY_UIMainStoryboardFile = Main;
				INFOPLIST_KEY_UISupportedInterfaceOrientations_iPad = "UIInterfaceOrientationPortrait UIInterfaceOrientationPortraitUpsideDown UIInterfaceOrientationLandscapeLeft UIInterfaceOrientationLandscapeRight";
				INFOPLIST_KEY_UISupportedInterfaceOrientations_iPhone = "UIInterfaceOrientationPortrait UIInterfaceOrientationLandscapeLeft UIInterfaceOrientationLandscapeRight";
				LD_RUNPATH_SEARCH_PATHS = (
					"$(inherited)",
					"@executable_path/Frameworks",
				);
				MARKETING_VERSION = 1.0;
				PRODUCT_BUNDLE_IDENTIFIER = cn.william.SimpleCalculator;
				PRODUCT_NAME = "$(TARGET_NAME)";
				SWIFT_EMIT_LOC_STRINGS = YES;
				SWIFT_VERSION = 5.0;
				TARGETED_DEVICE_FAMILY = "1,2";
			};
			name = Release;
		};
		6813AB7F279ED987005FAD8C /* Debug */ = {
			isa = XCBuildConfiguration;
			buildSettings = {
				ALWAYS_EMBED_SWIFT_STANDARD_LIBRARIES = YES;
				BUNDLE_LOADER = "$(TEST_HOST)";
				CODE_SIGN_STYLE = Automatic;
				CURRENT_PROJECT_VERSION = 1;
				GENERATE_INFOPLIST_FILE = YES;
				IPHONEOS_DEPLOYMENT_TARGET = 15.2;
				MARKETING_VERSION = 1.0;
				PRODUCT_BUNDLE_IDENTIFIER = cn.william.SimpleCalculatorTests;
				PRODUCT_NAME = "$(TARGET_NAME)";
				SWIFT_EMIT_LOC_STRINGS = NO;
				SWIFT_VERSION = 5.0;
				TARGETED_DEVICE_FAMILY = "1,2";
				TEST_HOST = "$(BUILT_PRODUCTS_DIR)/SimpleCalculator.app/SimpleCalculator";
			};
			name = Debug;
		};
		6813AB80279ED987005FAD8C /* Release */ = {
			isa = XCBuildConfiguration;
			buildSettings = {
				ALWAYS_EMBED_SWIFT_STANDARD_LIBRARIES = YES;
				BUNDLE_LOADER = "$(TEST_HOST)";
				CODE_SIGN_STYLE = Automatic;
				CURRENT_PROJECT_VERSION = 1;
				GENERATE_INFOPLIST_FILE = YES;
				IPHONEOS_DEPLOYMENT_TARGET = 15.2;
				MARKETING_VERSION = 1.0;
				PRODUCT_BUNDLE_IDENTIFIER = cn.william.SimpleCalculatorTests;
				PRODUCT_NAME = "$(TARGET_NAME)";
				SWIFT_EMIT_LOC_STRINGS = NO;
				SWIFT_VERSION = 5.0;
				TARGETED_DEVICE_FAMILY = "1,2";
				TEST_HOST = "$(BUILT_PRODUCTS_DIR)/SimpleCalculator.app/SimpleCalculator";
			};
			name = Release;
		};
		6813AB82279ED987005FAD8C /* Debug */ = {
			isa = XCBuildConfiguration;
			buildSettings = {
				ALWAYS_EMBED_SWIFT_STANDARD_LIBRARIES = YES;
				CODE_SIGN_STYLE = Automatic;
				CURRENT_PROJECT_VERSION = 1;
				GENERATE_INFOPLIST_FILE = YES;
				MARKETING_VERSION = 1.0;
				PRODUCT_BUNDLE_IDENTIFIER = cn.william.SimpleCalculatorUITests;
				PRODUCT_NAME = "$(TARGET_NAME)";
				SWIFT_EMIT_LOC_STRINGS = NO;
				SWIFT_VERSION = 5.0;
				TARGETED_DEVICE_FAMILY = "1,2";
				TEST_TARGET_NAME = SimpleCalculator;
			};
			name = Debug;
		};
		6813AB83279ED987005FAD8C /* Release */ = {
			isa = XCBuildConfiguration;
			buildSettings = {
				ALWAYS_EMBED_SWIFT_STANDARD_LIBRARIES = YES;
				CODE_SIGN_STYLE = Automatic;
				CURRENT_PROJECT_VERSION = 1;
				GENERATE_INFOPLIST_FILE = YES;
				MARKETING_VERSION = 1.0;
				PRODUCT_BUNDLE_IDENTIFIER = cn.william.SimpleCalculatorUITests;
				PRODUCT_NAME = "$(TARGET_NAME)";
				SWIFT_EMIT_LOC_STRINGS = NO;
				SWIFT_VERSION = 5.0;
				TARGETED_DEVICE_FAMILY = "1,2";
				TEST_TARGET_NAME = SimpleCalculator;
			};
			name = Release;
		};
/* End XCBuildConfiguration section */

/* Begin XCConfigurationList section */
		6813AB49279ED985005FAD8C /* Build configuration list for PBXProject "SimpleCalculator" */ = {
			isa = XCConfigurationList;
			buildConfigurations = (
				6813AB79279ED987005FAD8C /* Debug */,
				6813AB7A279ED987005FAD8C /* Release */,
			);
			defaultConfigurationIsVisible = 0;
			defaultConfigurationName = Release;
		};
		6813AB7B279ED987005FAD8C /* Build configuration list for PBXNativeTarget "SimpleCalculator" */ = {
			isa = XCConfigurationList;
			buildConfigurations = (
				6813AB7C279ED987005FAD8C /* Debug */,
				6813AB7D279ED987005FAD8C /* Release */,
			);
			defaultConfigurationIsVisible = 0;
			defaultConfigurationName = Release;
		};
		6813AB7E279ED987005FAD8C /* Build configuration list for PBXNativeTarget "SimpleCalculatorTests" */ = {
			isa = XCConfigurationList;
			buildConfigurations = (
				6813AB7F279ED987005FAD8C /* Debug */,
				6813AB80279ED987005FAD8C /* Release */,
			);
			defaultConfigurationIsVisible = 0;
			defaultConfigurationName = Release;
		};
		6813AB81279ED987005FAD8C /* Build configuration list for PBXNativeTarget "SimpleCalculatorUITests" */ = {
			isa = XCConfigurationList;
			buildConfigurations = (
				6813AB82279ED987005FAD8C /* Debug */,
				6813AB83279ED987005FAD8C /* Release */,
			);
			defaultConfigurationIsVisible = 0;
			defaultConfigurationName = Release;
		};
/* End XCConfigurationList section */

/* Begin XCVersionGroup section */
		6813AB5A279ED985005FAD8C /* SimpleCalculator.xcdatamodeld */ = {
			isa = XCVersionGroup;
			children = (
				6813AB5B279ED985005FAD8C /* SimpleCalculator.xcdatamodel */,
			);
			currentVersion = 6813AB5B279ED985005FAD8C /* SimpleCalculator.xcdatamodel */;
			path = SimpleCalculator.xcdatamodeld;
			sourceTree = "<group>";
			versionGroupType = wrapper.xcdatamodel;
		};
/* End XCVersionGroup section */
	};
	rootObject = 6813AB46279ED985005FAD8C /* Project object */;
}
